
Microsoft Visual Studio Solution File, Format Version 11.00
# Visual Studio 2010
Project("{CC5FD16D-436D-48AD-A40C-5A424C6E3E79}") = "Cornball.Azure", "Cornball.Azure.ccproj", "{48D73A24-A75C-4D1D-9C8E-A91A70767955}"
EndProject
Project("{FAE04EC0-301F-11D3-BF4B-00C04F79EFBC}") = "Cornball.Web", "Cornball.Web\Cornball.Web.csproj", "{1AA5063F-A007-4ADD-897F-D3F54853B08F}"
EndProject
Project("{FAE04EC0-301F-11D3-BF4B-00C04F79EFBC}") = "Cornball.Silverlight", "Cornball.Silverlight\Cornball.Silverlight.csproj", "{6CCB9545-E8D5-49B5-B789-9FC2088E8A64}"
EndProject
Global
	GlobalSection(TeamFoundationVersionControl) = preSolution
		SccNumberOfProjects = 1
		SccEnterpriseProvider = {4CA58AB2-18FA-4F8D-95D4-32DDF27D184C}
		SccTeamFoundationServer = https://stodell.tfspreview.com/defaultcollection
		SccLocalPath0 = .
	EndGlobalSection
	GlobalSection(SolutionConfigurationPlatforms) = preSolution
		Debug|Any CPU = Debug|Any CPU
		Debug|Mixed Platforms = Debug|Mixed Platforms
		Debug|x86 = Debug|x86
		Release|Any CPU = Release|Any CPU
		Release|Mixed Platforms = Release|Mixed Platforms
		Release|x86 = Release|x86
	EndGlobalSection
	GlobalSection(ProjectConfigurationPlatforms) = postSolution
		{48D73A24-A75C-4D1D-9C8E-A91A70767955}.Debug|Any CPU.ActiveCfg = Debug|Any CPU
		{48D73A24-A75C-4D1D-9C8E-A91A70767955}.Debug|Any CPU.Build.0 = Debug|Any CPU
		{48D73A24-A75C-4D1D-9C8E-A91A70767955}.Debug|Mixed Platforms.ActiveCfg = Debug|Any CPU
		{48D73A24-A75C-4D1D-9C8E-A91A70767955}.Debug|Mixed Platforms.Build.0 = Debug|Any CPU
		{48D73A24-A75C-4D1D-9C8E-A91A70767955}.Debug|x86.ActiveCfg = Debug|Any CPU
		{48D73A24-A75C-4D1D-9C8E-A91A70767955}.Release|Any CPU.ActiveCfg = Release|Any CPU
		{48D73A24-A75C-4D1D-9C8E-A91A70767955}.Release|Any CPU.Build.0 = Release|Any CPU
		{48D73A24-A75C-4D1D-9C8E-A91A70767955}.Release|Mixed Platforms.ActiveCfg = Release|Any CPU
		{48D73A24-A75C-4D1D-9C8E-A91A70767955}.Release|Mixed Platforms.Build.0 = Release|Any CPU
		{48D73A24-A75C-4D1D-9C8E-A91A70767955}.Release|x86.ActiveCfg = Release|Any CPU
		{1AA5063F-A007-4ADD-897F-D3F54853B08F}.Debug|Any CPU.ActiveCfg = Debug|Any CPU
		{1AA5063F-A007-4ADD-897F-D3F54853B08F}.Debug|Any CPU.Build.0 = Debug|Any CPU
		{1AA5063F-A007-4ADD-897F-D3F54853B08F}.Debug|Mixed Platforms.ActiveCfg = Debug|Any CPU
		{1AA5063F-A007-4ADD-897F-D3F54853B08F}.Debug|Mixed Platforms.Build.0 = Debug|Any CPU
		{1AA5063F-A007-4ADD-897F-D3F54853B08F}.Debug|x86.ActiveCfg = Debug|Any CPU
		{1AA5063F-A007-4ADD-897F-D3F54853B08F}.Release|Any CPU.ActiveCfg = Release|Any CPU
		{1AA5063F-A007-4ADD-897F-D3F54853B08F}.Release|Any CPU.Build.0 = Release|Any CPU
		{1AA5063F-A007-4ADD-897F-D3F54853B08F}.Release|Mixed Platforms.ActiveCfg = Release|Any CPU
		{1AA5063F-A007-4ADD-897F-D3F54853B08F}.Release|Mixed Platforms.Build.0 = Release|Any CPU
		{1AA5063F-A007-4ADD-897F-D3F54853B08F}.Release|x86.ActiveCfg = Release|Any CPU
		{6CCB9545-E8D5-49B5-B789-9FC2088E8A64}.Debug|Any CPU.ActiveCfg = Debug|Any CPU
		{6CCB9545-E8D5-49B5-B789-9FC2088E8A64}.Debug|Any CPU.Build.0 = Debug|Any CPU
		{6CCB9545-E8D5-49B5-B789-9FC2088E8A64}.Debug|Mixed Platforms.ActiveCfg = Debug|Any CPU
		{6CCB9545-E8D5-49B5-B789-9FC2088E8A64}.Debug|Mixed Platforms.Build.0 = Debug|Any CPU
		{6CCB9545-E8D5-49B5-B789-9FC2088E8A64}.Debug|x86.ActiveCfg = Debug|Any CPU
		{6CCB9545-E8D5-49B5-B789-9FC2088E8A64}.Release|Any CPU.ActiveCfg = Release|Any CPU
		{6CCB9545-E8D5-49B5-B789-9FC2088E8A64}.Release|Any CPU.Build.0 = Release|Any CPU
		{6CCB9545-E8D5-49B5-B789-9FC2088E8A64}.Release|Mixed Platforms.ActiveCfg = Release|Any CPU
		{6CCB9545-E8D5-49B5-B789-9FC2088E8A64}.Release|Mixed Platforms.Build.0 = Release|Any CPU
		{6CCB9545-E8D5-49B5-B789-9FC2088E8A64}.Release|x86.ActiveCfg = Release|Any CPU
	EndGlobalSection
	GlobalSection(SolutionProperties) = preSolution
		HideSolutionNode = FALSE
	EndGlobalSection
EndGlobal
